# This file is automatically @generated by Poetry 2.3.2 and should not be changed by hand.

[[package]]
name = "minizinc"
version = "0.10.0"
description = "Access MiniZinc directly from Python"
optional = false
python-versions = ">=3.8"
groups = ["main"]
files = [
    {file = "minizinc-0.10.0-py3-none-any.whl", hash = "sha256:8bd951866f8b246c4210b801bfc926e6bf7bc59a17f002b4c5fc49d9d9ec17e3"},
    {file = "minizinc-0.10.0.tar.gz", hash = "sha256:ce1d3501ce45068a5cf419a71e5aa507e3a62a3088638ae96a200ec329f90a3a"},
]

[package.extras]
docs = ["setuptools (>=75.3.0)", "sphinx (>=7.1.2)", "sphinx-rtd-theme (>=3.0.2)"]
dzn = ["lark-parser (>=0.12.0)"]

[metadata]
lock-version = "2.1"
python-versions = "~=3.11.0"
content-hash = "e52ce4fec4488adfe305e4e9bb129d4a30e3ff36812af0adb1185f6c03abe20d"
